
Microsoft Visual Studio Solution File, Format Version 12.00
# Visual Studio Version 17
VisualStudioVersion = 17.5.33516.290
MinimumVisualStudioVersion = 10.0.40219.1
Project("{FAE04EC0-301F-11D3-BF4B-00C04F79EFBC}") = "MusicO.Android", "MusicO\MusicO.Android\MusicO.Android.csproj", "{ABFA0B50-AC88-497A-9126-4E5CF8E9ECDD}"
EndProject
Project("{FAE04EC0-301F-11D3-BF4B-00C04F79EFBC}") = "MusicO.iOS", "MusicO\MusicO.iOS\MusicO.iOS.csproj", "{488D6DEE-752F-4406-87E5-1EAECC9DD2CE}"
EndProject
Project("{FAE04EC0-301F-11D3-BF4B-00C04F79EFBC}") = "MusicO", "MusicO\MusicO\MusicO.csproj", "{DB2DB38E-BA31-4A21-8021-0C8114EBEFD1}"
EndProject
Global
	GlobalSection(SolutionConfigurationPlatforms) = preSolution
		Debug|Any CPU = Debug|Any CPU
		Debug|iPhone = Debug|iPhone
		Debug|iPhoneSimulator = Debug|iPhoneSimulator
		Release|Any CPU = Release|Any CPU
		Release|iPhone = Release|iPhone
		Release|iPhoneSimulator = Release|iPhoneSimulator
	EndGlobalSection
	GlobalSection(ProjectConfigurationPlatforms) = postSolution
		{ABFA0B50-AC88-497A-9126-4E5CF8E9ECDD}.Debug|Any CPU.ActiveCfg = Debug|Any CPU
		{ABFA0B50-AC88-497A-9126-4E5CF8E9ECDD}.Debug|Any CPU.Build.0 = Debug|Any CPU
		{ABFA0B50-AC88-497A-9126-4E5CF8E9ECDD}.Debug|Any CPU.Deploy.0 = Debug|Any CPU
		{ABFA0B50-AC88-497A-9126-4E5CF8E9ECDD}.Debug|iPhone.ActiveCfg = Debug|Any CPU
		{ABFA0B50-AC88-497A-9126-4E5CF8E9ECDD}.Debug|iPhone.Build.0 = Debug|Any CPU
		{ABFA0B50-AC88-497A-9126-4E5CF8E9ECDD}.Debug|iPhone.Deploy.0 = Debug|Any CPU
		{ABFA0B50-AC88-497A-9126-4E5CF8E9ECDD}.Debug|iPhoneSimulator.ActiveCfg = Debug|Any CPU
		{ABFA0B50-AC88-497A-9126-4E5CF8E9ECDD}.Debug|iPhoneSimulator.Build.0 = Debug|Any CPU
		{ABFA0B50-AC88-497A-9126-4E5CF8E9ECDD}.Debug|iPhoneSimulator.Deploy.0 = Debug|Any CPU
		{ABFA0B50-AC88-497A-9126-4E5CF8E9ECDD}.Release|Any CPU.ActiveCfg = Release|Any CPU
		{ABFA0B50-AC88-497A-9126-4E5CF8E9ECDD}.Release|Any CPU.Build.0 = Release|Any CPU
		{ABFA0B50-AC88-497A-9126-4E5CF8E9ECDD}.Release|Any CPU.Deploy.0 = Release|Any CPU
		{ABFA0B50-AC88-497A-9126-4E5CF8E9ECDD}.Release|iPhone.ActiveCfg = Release|Any CPU
		{ABFA0B50-AC88-497A-9126-4E5CF8E9ECDD}.Release|iPhone.Build.0 = Release|Any CPU
		{ABFA0B50-AC88-497A-9126-4E5CF8E9ECDD}.Release|iPhone.Deploy.0 = Release|Any CPU
		{ABFA0B50-AC88-497A-9126-4E5CF8E9ECDD}.Release|iPhoneSimulator.ActiveCfg = Release|Any CPU
		{ABFA0B50-AC88-497A-9126-4E5CF8E9ECDD}.Release|iPhoneSimulator.Build.0 = Release|Any CPU
		{ABFA0B50-AC88-497A-9126-4E5CF8E9ECDD}.Release|iPhoneSimulator.Deploy.0 = Release|Any CPU
		{488D6DEE-752F-4406-87E5-1EAECC9DD2CE}.Debug|Any CPU.ActiveCfg = Debug|iPhone
		{488D6DEE-752F-4406-87E5-1EAECC9DD2CE}.Debug|Any CPU.Build.0 = Debug|iPhone
		{488D6DEE-752F-4406-87E5-1EAECC9DD2CE}.Debug|Any CPU.Deploy.0 = Debug|iPhone
		{488D6DEE-752F-4406-87E5-1EAECC9DD2CE}.Debug|iPhone.ActiveCfg = Debug|iPhone
		{488D6DEE-752F-4406-87E5-1EAECC9DD2CE}.Debug|iPhone.Build.0 = Debug|iPhone
		{488D6DEE-752F-4406-87E5-1EAECC9DD2CE}.Debug|iPhone.Deploy.0 = Debug|iPhone
		{488D6DEE-752F-4406-87E5-1EAECC9DD2CE}.Debug|iPhoneSimulator.ActiveCfg = Debug|iPhoneSimulator
		{488D6DEE-752F-4406-87E5-1EAECC9DD2CE}.Debug|iPhoneSimulator.Build.0 = Debug|iPhoneSimulator
		{488D6DEE-752F-4406-87E5-1EAECC9DD2CE}.Debug|iPhoneSimulator.Deploy.0 = Debug|iPhoneSimulator
		{488D6DEE-752F-4406-87E5-1EAECC9DD2CE}.Release|Any CPU.ActiveCfg = Release|iPhoneSimulator
		{488D6DEE-752F-4406-87E5-1EAECC9DD2CE}.Release|Any CPU.Build.0 = Release|iPhoneSimulator
		{488D6DEE-752F-4406-87E5-1EAECC9DD2CE}.Release|Any CPU.Deploy.0 = Release|iPhoneSimulator
		{488D6DEE-752F-4406-87E5-1EAECC9DD2CE}.Release|iPhone.ActiveCfg = Release|iPhone
		{488D6DEE-752F-4406-87E5-1EAECC9DD2CE}.Release|iPhone.Build.0 = Release|iPhone
		{488D6DEE-752F-4406-87E5-1EAECC9DD2CE}.Release|iPhone.Deploy.0 = Release|iPhone
		{488D6DEE-752F-4406-87E5-1EAECC9DD2CE}.Release|iPhoneSimulator.ActiveCfg = Release|iPhoneSimulator
		{488D6DEE-752F-4406-87E5-1EAECC9DD2CE}.Release|iPhoneSimulator.Build.0 = Release|iPhoneSimulator
		{488D6DEE-752F-4406-87E5-1EAECC9DD2CE}.Release|iPhoneSimulator.Deploy.0 = Release|iPhoneSimulator
		{DB2DB38E-BA31-4A21-8021-0C8114EBEFD1}.Debug|Any CPU.ActiveCfg = Debug|Any CPU
		{DB2DB38E-BA31-4A21-8021-0C8114EBEFD1}.Debug|Any CPU.Build.0 = Debug|Any CPU
		{DB2DB38E-BA31-4A21-8021-0C8114EBEFD1}.Debug|Any CPU.Deploy.0 = Debug|Any CPU
		{DB2DB38E-BA31-4A21-8021-0C8114EBEFD1}.Debug|iPhone.ActiveCfg = Debug|Any CPU
		{DB2DB38E-BA31-4A21-8021-0C8114EBEFD1}.Debug|iPhone.Build.0 = Debug|Any CPU
		{DB2DB38E-BA31-4A21-8021-0C8114EBEFD1}.Debug|iPhone.Deploy.0 = Debug|Any CPU
		{DB2DB38E-BA31-4A21-8021-0C8114EBEFD1}.Debug|iPhoneSimulator.ActiveCfg = Debug|Any CPU
		{DB2DB38E-BA31-4A21-8021-0C8114EBEFD1}.Debug|iPhoneSimulator.Build.0 = Debug|Any CPU
		{DB2DB38E-BA31-4A21-8021-0C8114EBEFD1}.Debug|iPhoneSimulator.Deploy.0 = Debug|Any CPU
		{DB2DB38E-BA31-4A21-8021-0C8114EBEFD1}.Release|Any CPU.ActiveCfg = Release|Any CPU
		{DB2DB38E-BA31-4A21-8021-0C8114EBEFD1}.Release|Any CPU.Build.0 = Release|Any CPU
		{DB2DB38E-BA31-4A21-8021-0C8114EBEFD1}.Release|Any CPU.Deploy.0 = Release|Any CPU
		{DB2DB38E-BA31-4A21-8021-0C8114EBEFD1}.Release|iPhone.ActiveCfg = Release|Any CPU
		{DB2DB38E-BA31-4A21-8021-0C8114EBEFD1}.Release|iPhone.Build.0 = Release|Any CPU
		{DB2DB38E-BA31-4A21-8021-0C8114EBEFD1}.Release|iPhone.Deploy.0 = Release|Any CPU
		{DB2DB38E-BA31-4A21-8021-0C8114EBEFD1}.Release|iPhoneSimulator.ActiveCfg = Release|Any CPU
		{DB2DB38E-BA31-4A21-8021-0C8114EBEFD1}.Release|iPhoneSimulator.Build.0 = Release|Any CPU
		{DB2DB38E-BA31-4A21-8021-0C8114EBEFD1}.Release|iPhoneSimulator.Deploy.0 = Release|Any CPU
	EndGlobalSection
	GlobalSection(SolutionProperties) = preSolution
		HideSolutionNode = FALSE
	EndGlobalSection
	GlobalSection(ExtensibilityGlobals) = postSolution
		SolutionGuid = {8C049F29-7DC3-4B4E-B5E0-F9E685C3478D}
	EndGlobalSection
EndGlobal
